
Microsoft Visual Studio Solution File, Format Version 12.00
# Visual Studio Version 16
VisualStudioVersion = 16.0.29009.5
MinimumVisualStudioVersion = 10.0.40219.1
Project("{FAE04EC0-301F-11D3-BF4B-00C04F79EFBC}") = "BugDemo", "BugDemo\BugDemo.csproj", "{AD026CBE-4987-48DA-BE3B-FDCB52D9B43C}"
EndProject
Project("{FAE04EC0-301F-11D3-BF4B-00C04F79EFBC}") = "BugDemo.UnitTests", "BugDemo.UnitTests\BugDemo.UnitTests.csproj", "{3F8B5EC7-C9BB-45C4-B890-47336ECD1523}"
EndProject
Global
	GlobalSection(SolutionConfigurationPlatforms) = preSolution
		Debug|Any CPU = Debug|Any CPU
		Release|Any CPU = Release|Any CPU
	EndGlobalSection
	GlobalSection(ProjectConfigurationPlatforms) = postSolution
		{AD026CBE-4987-48DA-BE3B-FDCB52D9B43C}.Debug|Any CPU.ActiveCfg = Debug|Any CPU
		{AD026CBE-4987-48DA-BE3B-FDCB52D9B43C}.Debug|Any CPU.Build.0 = Debug|Any CPU
		{AD026CBE-4987-48DA-BE3B-FDCB52D9B43C}.Release|Any CPU.ActiveCfg = Release|Any CPU
		{AD026CBE-4987-48DA-BE3B-FDCB52D9B43C}.Release|Any CPU.Build.0 = Release|Any CPU
		{3F8B5EC7-C9BB-45C4-B890-47336ECD1523}.Debug|Any CPU.ActiveCfg = Debug|Any CPU
		{3F8B5EC7-C9BB-45C4-B890-47336ECD1523}.Debug|Any CPU.Build.0 = Debug|Any CPU
		{3F8B5EC7-C9BB-45C4-B890-47336ECD1523}.Release|Any CPU.ActiveCfg = Release|Any CPU
		{3F8B5EC7-C9BB-45C4-B890-47336ECD1523}.Release|Any CPU.Build.0 = Release|Any CPU
	EndGlobalSection
	GlobalSection(SolutionProperties) = preSolution
		HideSolutionNode = FALSE
	EndGlobalSection
	GlobalSection(ExtensibilityGlobals) = postSolution
		SolutionGuid = {1F117915-9119-4C3E-9D81-9BB149C86C85}
	EndGlobalSection
EndGlobal
